github.com/cespare/xxhash/v2 v2.1.2 h1:YRXhKfTDauu4ajMg1TPgFO5jnlC2HCbmLXMcTG5cbYE=
github.com/cespare/xxhash/v2 v2.1.2/go.mod h1:VGX0DQ3Q6kWi7AoAeZDth3/j3BFtOZR5XLFGgcrjCOs=
github.com/dgryski/go-rendezvous v0.0.0-20200823014737-9f7001d12a5f h1:lO4WD4F/rVNCu3HqELle0jiPLLBs70cWOduZpkS1E78=
github.com/dgryski/go-rendezvous v0.0.0-20200823014737-9f7001d12a5f/go.mod h1:cuUVRXasLTGF7a8hSLbxyZXjz+1KgoB3wDUb6vlszIc=
github.com/fsnotify/fsnotify v1.4.9 h1:hsms1Qyu0jgnwNXIxa+/V/PDsU6CfLf6CNO8H7IWoS4=
github.com/go-redis/redis/v9 v9.0.0-beta.1 h1:oW3jlPic5HhGUbYMH0lidnP+72BgsT+lCwlVud6o2Mc=
github.com/go-redis/redis/v9 v9.0.0-beta.1/go.mod h1:6gNX1bXdwkpEG0M/hEBNK/Fp8zdyCkjwwKc6vBbfCDI=
github.com/go-sql-driver/mysql v1.6.0 h1:BCTh4TKNUYmOmMUcQ3IipzF5prigylS7XXjEkfCHuOE=
github.com/go-sql-driver/mysql v1.6.0/go.mod h1:DCzpHaOWr8IXmIStZouvnhqoel9Qv2LBy8hT2VhHyBg=
github.com/inysc/qog v0.0.0-20220612040529-a3243d8c5729 h1:Ou39pqXF40Ue9ZTnDYYBNWPoVmxWCn3GDr7aZZ9n0pM=
github.com/inysc/qog v0.0.0-20220612040529-a3243d8c5729/go.mod h1:wJ9YiiLKln/NME8ybO9IisPojK0zNYgbnmTscsMJECw=
github.com/inysc/routtp v0.0.0-20220713145511-4c49c1da633a h1:+GFX0C3UgwNTKvtxNeOjB4QLt4CWfZT2DObFfDd/zXk=
github.com/inysc/routtp v0.0.0-20220713145511-4c49c1da633a/go.mod h1:Y7mZXyX+q65VNlZBgO86OC47RZYnRKPcBcDTVRqyqPg=
github.com/inysc/routtp v0.0.0-20220717002930-717a9017d9aa h1:0Nrwdt2EC+PoqrXRQtRhwxdTlCmEDtI0bWePZDPNVa8=
github.com/inysc/routtp v0.0.0-20220717002930-717a9017d9aa/go.mod h1:Y7mZXyX+q65VNlZBgO86OC47RZYnRKPcBcDTVRqyqPg=
github.com/inysc/routtp v0.0.0-20220721142936-a1f6ceab4751 h1:s86l5XBTjitOhSgKRTsbvwVi6tPZujNNSwIt/PCvbHg=
github.com/inysc/routtp v0.0.0-20220721142936-a1f6ceab4751/go.mod h1:Y7mZXyX+q65VNlZBgO86OC47RZYnRKPcBcDTVRqyqPg=
github.com/jmoiron/sqlx v1.3.5 h1:vFFPA71p1o5gAeqtEAwLU4dnX2napprKtHr7PYIcN3g=
github.com/jmoiron/sqlx v1.3.5/go.mod h1:nRVWtLre0KfCLJvgxzCsLVMogSvQ1zNJtpYr2Ccp0mQ=
github.com/lib/pq v1.2.0 h1:LXpIM/LZ5xGFhOpXAQUIMM1HdyqzVYM13zNdjCEEcA0=
github.com/lib/pq v1.2.0/go.mod h1:5WUZQaWbwv1U+lTReE5YruASi9Al49XbQIvNi/34Woo=
github.com/mattn/go-sqlite3 v1.14.6 h1:dNPt6NO46WmLVt2DLNpwczCmdV5boIZ6g/tlDrlRUbg=
github.com/mattn/go-sqlite3 v1.14.6/go.mod h1:NyWgC/yNuGj7Q9rpYnZvas74GogHl5/Z4A/KQRfk6bU=
github.com/nxadm/tail v1.4.8 h1:nPr65rt6Y5JFSKQO7qToXr7pePgD6Gwiw05lkbyAQTE=
github.com/onsi/ginkgo v1.16.5 h1:8xi0RTUf59SOSfEtZMvwTvXYMzG4gV23XVHOZiXNtnE=
github.com/onsi/gomega v1.19.0 h1:4ieX6qQjPP/BfC3mpsAtIGGlxTWPeA3Inl/7DtXw1tw=
golang.org/x/net v0.0.0-20220225172249-27dd8689420f h1:oA4XRj0qtSt8Yo1Zms0CUlsT3KG69V2UGQWPBxujDmc=
golang.org/x/sys v0.0.0-20220712014510-0a85c31ab51e h1:NHvCuwuS43lGnYhten69ZWqi2QOj/CiDNcKbVqwVoew=
golang.org/x/sys v0.0.0-20220712014510-0a85c31ab51e/go.mod h1:oPkhp1MJrh7nUepCBck5+mAzfO9JrbApNNgaTdGDITg=
golang.org/x/sys v0.0.0-20220715151400-c0bba94af5f8 h1:0A+M6Uqn+Eje4kHMK80dtF3JCXC4ykBgQG4Fe06QRhQ=
golang.org/x/sys v0.0.0-20220715151400-c0bba94af5f8/go.mod h1:oPkhp1MJrh7nUepCBck5+mAzfO9JrbApNNgaTdGDITg=
golang.org/x/sys v0.0.0-20220721230656-c6bc011c0c49 h1:TMjZDarEwf621XDryfitp/8awEhiZNiwgphKlTMGRIg=
golang.org/x/sys v0.0.0-20220721230656-c6bc011c0c49/go.mod h1:oPkhp1MJrh7nUepCBck5+mAzfO9JrbApNNgaTdGDITg=
golang.org/x/text v0.3.7 h1:olpwvP2KacW1ZWvsR7uQhoyTYvKAupfQrRGBFM352Gk=
gopkg.in/tomb.v1 v1.0.0-20141024135613-dd632973f1e7 h1:uRGJdciOHaEIrze2W8Q3AKkepLTh2hOroT7a+7czfdQ=
gopkg.in/yaml.v2 v2.4.0 h1:D8xgwECY7CYvx+Y2n4sBz93Jn9JRvxdiyyo8CTfuKaY=
